
Microsoft Visual Studio Solution File, Format Version 11.00
# Visual Studio 2010
Project("{FAE04EC0-301F-11D3-BF4B-00C04F79EFBC}") = "webscrape.it.lib", "webscrape.it.lib\webscrape.it.lib.csproj", "{19B5304B-F99B-43BB-9D5E-FC64863B52B6}"
EndProject
Project("{FAE04EC0-301F-11D3-BF4B-00C04F79EFBC}") = "webscrape.it.test", "webscrape.it.test\webscrape.it.test.csproj", "{5752293C-A8A5-4DE3-A85B-EC8BFC2A9BF3}"
EndProject
Project("{2150E333-8FDC-42A3-9474-1A3956D46DE8}") = "Solution Items", "Solution Items", "{4B674D59-4B5B-4C1B-A8E9-35B7145F9BC2}"
	ProjectSection(SolutionItems) = preProject
		Local.testsettings = Local.testsettings
		TraceAndTestImpact.testsettings = TraceAndTestImpact.testsettings
		webscrape.it.vsmdi = webscrape.it.vsmdi
	EndProjectSection
EndProject
Global
	GlobalSection(TestCaseManagementSettings) = postSolution
		CategoryFile = webscrape.it.vsmdi
	EndGlobalSection
	GlobalSection(SolutionConfigurationPlatforms) = preSolution
		Debug|Any CPU = Debug|Any CPU
		Release|Any CPU = Release|Any CPU
	EndGlobalSection
	GlobalSection(ProjectConfigurationPlatforms) = postSolution
		{19B5304B-F99B-43BB-9D5E-FC64863B52B6}.Debug|Any CPU.ActiveCfg = Debug|Any CPU
		{19B5304B-F99B-43BB-9D5E-FC64863B52B6}.Debug|Any CPU.Build.0 = Debug|Any CPU
		{19B5304B-F99B-43BB-9D5E-FC64863B52B6}.Release|Any CPU.ActiveCfg = Release|Any CPU
		{19B5304B-F99B-43BB-9D5E-FC64863B52B6}.Release|Any CPU.Build.0 = Release|Any CPU
		{5752293C-A8A5-4DE3-A85B-EC8BFC2A9BF3}.Debug|Any CPU.ActiveCfg = Debug|Any CPU
		{5752293C-A8A5-4DE3-A85B-EC8BFC2A9BF3}.Debug|Any CPU.Build.0 = Debug|Any CPU
		{5752293C-A8A5-4DE3-A85B-EC8BFC2A9BF3}.Release|Any CPU.ActiveCfg = Release|Any CPU
		{5752293C-A8A5-4DE3-A85B-EC8BFC2A9BF3}.Release|Any CPU.Build.0 = Release|Any CPU
	EndGlobalSection
	GlobalSection(SolutionProperties) = preSolution
		HideSolutionNode = FALSE
	EndGlobalSection
EndGlobal
